NeoBundleLock ctrlp.vim 4df2268ba23454710f7880fdcd1fa039f192c9de
NeoBundleLock neobundle.vim 88951d60547595606ea0ca8f28f643d2506f2714
NeoBundleLock nerdtree 4df2268ba23454710f7880fdcd1fa039f192c9de
NeoBundleLock vim-airline 4df2268ba23454710f7880fdcd1fa039f192c9de
NeoBundleLock vim-coffee-script 4df2268ba23454710f7880fdcd1fa039f192c9de
NeoBundleLock vim-easymotion 4df2268ba23454710f7880fdcd1fa039f192c9de
NeoBundleLock vim-gotham 4df2268ba23454710f7880fdcd1fa039f192c9de
