NeoBundleLock ctrlp.vim e831351ced1e71d718830695ca7a00447c866320
NeoBundleLock neobundle.vim 26d03781886ed887e390d4ad8b935987754b1c2c
NeoBundleLock nerdtree e831351ced1e71d718830695ca7a00447c866320
NeoBundleLock vim-airline 27acd851a780c563cb4807fc0ea3af9caccbb585
NeoBundleLock vim-coffee-script e831351ced1e71d718830695ca7a00447c866320
NeoBundleLock vim-easymotion e831351ced1e71d718830695ca7a00447c866320
NeoBundleLock vim-gotham e831351ced1e71d718830695ca7a00447c866320
