NeoBundleLock ctrlp.vim 06a1edbb7a6a144e6f714513133b49a686d7e75b
NeoBundleLock neobundle.vim 88951d60547595606ea0ca8f28f643d2506f2714
NeoBundleLock nerdtree 06a1edbb7a6a144e6f714513133b49a686d7e75b
NeoBundleLock vim-airline 06a1edbb7a6a144e6f714513133b49a686d7e75b
NeoBundleLock vim-coffee-script 06a1edbb7a6a144e6f714513133b49a686d7e75b
NeoBundleLock vim-easymotion 06a1edbb7a6a144e6f714513133b49a686d7e75b
NeoBundleLock vim-gotham 06a1edbb7a6a144e6f714513133b49a686d7e75b
